
Microsoft Visual Studio Solution File, Format Version 12.00
# Visual Studio 15
VisualStudioVersion = 15.0.35213.121
MinimumVisualStudioVersion = 10.0.40219.1
Project("{FAE04EC0-301F-11D3-BF4B-00C04F79EFBC}") = "PATIENT_PORTAL", "PATIENT_PORTAL\PATIENT_PORTAL.csproj", "{C6BE4C45-8C3A-4E8C-BE2D-357C2F9FEA5E}"
EndProject
Global
	GlobalSection(SolutionConfigurationPlatforms) = preSolution
		Debug|Any CPU = Debug|Any CPU
		Release|Any CPU = Release|Any CPU
	EndGlobalSection
	GlobalSection(ProjectConfigurationPlatforms) = postSolution
		{C6BE4C45-8C3A-4E8C-BE2D-357C2F9FEA5E}.Debug|Any CPU.ActiveCfg = Debug|Any CPU
		{C6BE4C45-8C3A-4E8C-BE2D-357C2F9FEA5E}.Debug|Any CPU.Build.0 = Debug|Any CPU
		{C6BE4C45-8C3A-4E8C-BE2D-357C2F9FEA5E}.Release|Any CPU.ActiveCfg = Release|Any CPU
		{C6BE4C45-8C3A-4E8C-BE2D-357C2F9FEA5E}.Release|Any CPU.Build.0 = Release|Any CPU
	EndGlobalSection
	GlobalSection(SolutionProperties) = preSolution
		HideSolutionNode = FALSE
	EndGlobalSection
	GlobalSection(ExtensibilityGlobals) = postSolution
		SolutionGuid = {3034B485-8A1A-435F-8D37-B768F0946435}
	EndGlobalSection
EndGlobal
